// !$*UTF8*$!
{
	archiveVersion = 1;
	classes = {
	};
	objectVersion = 56;
	objects = {

/* Begin PBXBuildFile section */
		023987912A2D58E700E04F0D /* AppDelegate.swift in Sources */ = {isa = PBXBuildFile; fileRef = 023987902A2D58E700E04F0D /* AppDelegate.swift */; };
		0239879A2A2D58E800E04F0D /* Assets.xcassets in Resources */ = {isa = PBXBuildFile; fileRef = 023987992A2D58E800E04F0D /* Assets.xcassets */; };
		0239879D2A2D58E800E04F0D /* LaunchScreen.storyboard in Resources */ = {isa = PBXBuildFile; fileRef = 0239879B2A2D58E800E04F0D /* LaunchScreen.storyboard */; };
		023987A82A2D599100E04F0D /* Tweet.swift in Sources */ = {isa = PBXBuildFile; fileRef = 023987A72A2D599100E04F0D /* Tweet.swift */; };
		023987AA2A2D59A900E04F0D /* User.swift in Sources */ = {isa = PBXBuildFile; fileRef = 023987A92A2D59A900E04F0D /* User.swift */; };
		023987AD2A2D59DA00E04F0D /* HomeTimelineUseCase.swift in Sources */ = {isa = PBXBuildFile; fileRef = 023987AC2A2D59DA00E04F0D /* HomeTimelineUseCase.swift */; };
		023987AF2A2D59E900E04F0D /* PostTweetUseCase.swift in Sources */ = {isa = PBXBuildFile; fileRef = 023987AE2A2D59E900E04F0D /* PostTweetUseCase.swift */; };
		023987B42A2D5A3400E04F0D /* TweetDataSource.swift in Sources */ = {isa = PBXBuildFile; fileRef = 023987B32A2D5A3400E04F0D /* TweetDataSource.swift */; };
		023987B92A2D601600E04F0D /* TweetNotifier.swift in Sources */ = {isa = PBXBuildFile; fileRef = 023987B82A2D601600E04F0D /* TweetNotifier.swift */; };
		023987BB2A2D61FA00E04F0D /* SessionManager.swift in Sources */ = {isa = PBXBuildFile; fileRef = 023987BA2A2D61FA00E04F0D /* SessionManager.swift */; };
		023987C12A2D65A300E04F0D /* LocalDatabase.swift in Sources */ = {isa = PBXBuildFile; fileRef = 023987C02A2D65A300E04F0D /* LocalDatabase.swift */; };
		023987C32A2D65C100E04F0D /* TwitterAPI.swift in Sources */ = {isa = PBXBuildFile; fileRef = 023987C22A2D65C100E04F0D /* TwitterAPI.swift */; };
		023987C52A2D6AA300E04F0D /* TweetRepository.swift in Sources */ = {isa = PBXBuildFile; fileRef = 023987C42A2D6AA300E04F0D /* TweetRepository.swift */; };
		023987C82A2D6AAE00E04F0D /* TweetData.swift in Sources */ = {isa = PBXBuildFile; fileRef = 023987C72A2D6AAE00E04F0D /* TweetData.swift */; };
		023987CA2A2D6ACD00E04F0D /* UserData.swift in Sources */ = {isa = PBXBuildFile; fileRef = 023987C92A2D6ACD00E04F0D /* UserData.swift */; };
		023987CC2A2D6B0D00E04F0D /* URLSessionTwitterAPI.swift in Sources */ = {isa = PBXBuildFile; fileRef = 023987CB2A2D6B0D00E04F0D /* URLSessionTwitterAPI.swift */; };
		023987CE2A2D6B5D00E04F0D /* CoreDataDatabase.swift in Sources */ = {isa = PBXBuildFile; fileRef = 023987CD2A2D6B5D00E04F0D /* CoreDataDatabase.swift */; };
		023987D12A2D6BA800E04F0D /* TweetEntity.swift in Sources */ = {isa = PBXBuildFile; fileRef = 023987D02A2D6BA800E04F0D /* TweetEntity.swift */; };
		023987D32A2D6BBD00E04F0D /* UserEntity.swift in Sources */ = {isa = PBXBuildFile; fileRef = 023987D22A2D6BBD00E04F0D /* UserEntity.swift */; };
		023987D92A2D720E00E04F0D /* TweetData+Domain.swift in Sources */ = {isa = PBXBuildFile; fileRef = 023987D82A2D720E00E04F0D /* TweetData+Domain.swift */; };
		023987DB2A2D721D00E04F0D /* UserData+Domain.swift in Sources */ = {isa = PBXBuildFile; fileRef = 023987DA2A2D721D00E04F0D /* UserData+Domain.swift */; };
		023987DD2A2D723400E04F0D /* UserEntity+Domain.swift in Sources */ = {isa = PBXBuildFile; fileRef = 023987DC2A2D723400E04F0D /* UserEntity+Domain.swift */; };
		023987DF2A2D724D00E04F0D /* TweetEntity+Domain.swift in Sources */ = {isa = PBXBuildFile; fileRef = 023987DE2A2D724D00E04F0D /* TweetEntity+Domain.swift */; };
/* End PBXBuildFile section */

/* Begin PBXFileReference section */
		0239878D2A2D58E700E04F0D /* SwiftCairo.app */ = {isa = PBXFileReference; explicitFileType = wrapper.application; includeInIndex = 0; path = SwiftCairo.app; sourceTree = BUILT_PRODUCTS_DIR; };
		023987902A2D58E700E04F0D /* AppDelegate.swift */ = {isa = PBXFileReference; lastKnownFileType = sourcecode.swift; path = AppDelegate.swift; sourceTree = "<group>"; };
		023987992A2D58E800E04F0D /* Assets.xcassets */ = {isa = PBXFileReference; lastKnownFileType = folder.assetcatalog; path = Assets.xcassets; sourceTree = "<group>"; };
		0239879C2A2D58E800E04F0D /* Base */ = {isa = PBXFileReference; lastKnownFileType = file.storyboard; name = Base; path = Base.lproj/LaunchScreen.storyboard; sourceTree = "<group>"; };
		0239879E2A2D58E800E04F0D /* Info.plist */ = {isa = PBXFileReference; lastKnownFileType = text.plist.xml; path = Info.plist; sourceTree = "<group>"; };
		023987A72A2D599100E04F0D /* Tweet.swift */ = {isa = PBXFileReference; lastKnownFileType = sourcecode.swift; path = Tweet.swift; sourceTree = "<group>"; };
		023987A92A2D59A900E04F0D /* User.swift */ = {isa = PBXFileReference; lastKnownFileType = sourcecode.swift; path = User.swift; sourceTree = "<group>"; };
		023987AC2A2D59DA00E04F0D /* HomeTimelineUseCase.swift */ = {isa = PBXFileReference; lastKnownFileType = sourcecode.swift; path = HomeTimelineUseCase.swift; sourceTree = "<group>"; };
		023987AE2A2D59E900E04F0D /* PostTweetUseCase.swift */ = {isa = PBXFileReference; lastKnownFileType = sourcecode.swift; path = PostTweetUseCase.swift; sourceTree = "<group>"; };
		023987B32A2D5A3400E04F0D /* TweetDataSource.swift */ = {isa = PBXFileReference; lastKnownFileType = sourcecode.swift; path = TweetDataSource.swift; sourceTree = "<group>"; };
		023987B82A2D601600E04F0D /* TweetNotifier.swift */ = {isa = PBXFileReference; lastKnownFileType = sourcecode.swift; path = TweetNotifier.swift; sourceTree = "<group>"; };
		023987BA2A2D61FA00E04F0D /* SessionManager.swift */ = {isa = PBXFileReference; lastKnownFileType = sourcecode.swift; path = SessionManager.swift; sourceTree = "<group>"; };
		023987C02A2D65A300E04F0D /* LocalDatabase.swift */ = {isa = PBXFileReference; lastKnownFileType = sourcecode.swift; path = LocalDatabase.swift; sourceTree = "<group>"; };
		023987C22A2D65C100E04F0D /* TwitterAPI.swift */ = {isa = PBXFileReference; lastKnownFileType = sourcecode.swift; path = TwitterAPI.swift; sourceTree = "<group>"; };
		023987C42A2D6AA300E04F0D /* TweetRepository.swift */ = {isa = PBXFileReference; lastKnownFileType = sourcecode.swift; path = TweetRepository.swift; sourceTree = "<group>"; };
		023987C72A2D6AAE00E04F0D /* TweetData.swift */ = {isa = PBXFileReference; lastKnownFileType = sourcecode.swift; path = TweetData.swift; sourceTree = "<group>"; };
		023987C92A2D6ACD00E04F0D /* UserData.swift */ = {isa = PBXFileReference; lastKnownFileType = sourcecode.swift; path = UserData.swift; sourceTree = "<group>"; };
		023987CB2A2D6B0D00E04F0D /* URLSessionTwitterAPI.swift */ = {isa = PBXFileReference; lastKnownFileType = sourcecode.swift; path = URLSessionTwitterAPI.swift; sourceTree = "<group>"; };
		023987CD2A2D6B5D00E04F0D /* CoreDataDatabase.swift */ = {isa = PBXFileReference; lastKnownFileType = sourcecode.swift; path = CoreDataDatabase.swift; sourceTree = "<group>"; };
		023987D02A2D6BA800E04F0D /* TweetEntity.swift */ = {isa = PBXFileReference; lastKnownFileType = sourcecode.swift; path = TweetEntity.swift; sourceTree = "<group>"; };
		023987D22A2D6BBD00E04F0D /* UserEntity.swift */ = {isa = PBXFileReference; lastKnownFileType = sourcecode.swift; path = UserEntity.swift; sourceTree = "<group>"; };
		023987D82A2D720E00E04F0D /* TweetData+Domain.swift */ = {isa = PBXFileReference; lastKnownFileType = sourcecode.swift; path = "TweetData+Domain.swift"; sourceTree = "<group>"; };
		023987DA2A2D721D00E04F0D /* UserData+Domain.swift */ = {isa = PBXFileReference; lastKnownFileType = sourcecode.swift; path = "UserData+Domain.swift"; sourceTree = "<group>"; };
		023987DC2A2D723400E04F0D /* UserEntity+Domain.swift */ = {isa = PBXFileReference; lastKnownFileType = sourcecode.swift; path = "UserEntity+Domain.swift"; sourceTree = "<group>"; };
		023987DE2A2D724D00E04F0D /* TweetEntity+Domain.swift */ = {isa = PBXFileReference; lastKnownFileType = sourcecode.swift; path = "TweetEntity+Domain.swift"; sourceTree = "<group>"; };
/* End PBXFileReference section */

/* Begin PBXFrameworksBuildPhase section */
		0239878A2A2D58E700E04F0D /* Frameworks */ = {
			isa = PBXFrameworksBuildPhase;
			buildActionMask = 2147483647;
			files = (
			);
			runOnlyForDeploymentPostprocessing = 0;
		};
/* End PBXFrameworksBuildPhase section */

/* Begin PBXGroup section */
		023987842A2D58E700E04F0D = {
			isa = PBXGroup;
			children = (
				0239878F2A2D58E700E04F0D /* SwiftCairo */,
				0239878E2A2D58E700E04F0D /* Products */,
			);
			sourceTree = "<group>";
		};
		0239878E2A2D58E700E04F0D /* Products */ = {
			isa = PBXGroup;
			children = (
				0239878D2A2D58E700E04F0D /* SwiftCairo.app */,
			);
			name = Products;
			sourceTree = "<group>";
		};
		0239878F2A2D58E700E04F0D /* SwiftCairo */ = {
			isa = PBXGroup;
			children = (
				023987BC2A2D654300E04F0D /* Data */,
				023987B62A2D5A5700E04F0D /* Domain */,
				023987A52A2D591000E04F0D /* Classes */,
				023987A42A2D590500E04F0D /* Resources */,
			);
			path = SwiftCairo;
			sourceTree = "<group>";
		};
		023987A42A2D590500E04F0D /* Resources */ = {
			isa = PBXGroup;
			children = (
				023987992A2D58E800E04F0D /* Assets.xcassets */,
				0239879E2A2D58E800E04F0D /* Info.plist */,
				0239879B2A2D58E800E04F0D /* LaunchScreen.storyboard */,
			);
			path = Resources;
			sourceTree = "<group>";
		};
		023987A52A2D591000E04F0D /* Classes */ = {
			isa = PBXGroup;
			children = (
				023987902A2D58E700E04F0D /* AppDelegate.swift */,
			);
			path = Classes;
			sourceTree = "<group>";
		};
		023987A62A2D598200E04F0D /* Entity */ = {
			isa = PBXGroup;
			children = (
				023987A72A2D599100E04F0D /* Tweet.swift */,
				023987A92A2D59A900E04F0D /* User.swift */,
			);
			path = Entity;
			sourceTree = "<group>";
		};
		023987AB2A2D59D100E04F0D /* UseCase */ = {
			isa = PBXGroup;
			children = (
				023987AC2A2D59DA00E04F0D /* HomeTimelineUseCase.swift */,
				023987AE2A2D59E900E04F0D /* PostTweetUseCase.swift */,
			);
			path = UseCase;
			sourceTree = "<group>";
		};
		023987B02A2D5A0D00E04F0D /* DataSource */ = {
			isa = PBXGroup;
			children = (
				023987B32A2D5A3400E04F0D /* TweetDataSource.swift */,
			);
			path = DataSource;
			sourceTree = "<group>";
		};
		023987B62A2D5A5700E04F0D /* Domain */ = {
			isa = PBXGroup;
			children = (
				023987B72A2D600C00E04F0D /* Services */,
				023987B02A2D5A0D00E04F0D /* DataSource */,
				023987AB2A2D59D100E04F0D /* UseCase */,
				023987A62A2D598200E04F0D /* Entity */,
			);
			path = Domain;
			sourceTree = "<group>";
		};
		023987B72A2D600C00E04F0D /* Services */ = {
			isa = PBXGroup;
			children = (
				023987BA2A2D61FA00E04F0D /* SessionManager.swift */,
				023987B82A2D601600E04F0D /* TweetNotifier.swift */,
			);
			path = Services;
			sourceTree = "<group>";
		};
		023987BC2A2D654300E04F0D /* Data */ = {
			isa = PBXGroup;
			children = (
				023987BE2A2D657500E04F0D /* DataPersistence */,
				023987BF2A2D658D00E04F0D /* Networking */,
				023987BD2A2D655100E04F0D /* Repository */,
			);
			path = Data;
			sourceTree = "<group>";
		};
		023987BD2A2D655100E04F0D /* Repository */ = {
			isa = PBXGroup;
			children = (
				023987D52A2D71EE00E04F0D /* Model */,
				023987C42A2D6AA300E04F0D /* TweetRepository.swift */,
			);
			path = Repository;
			sourceTree = "<group>";
		};
		023987BE2A2D657500E04F0D /* DataPersistence */ = {
			isa = PBXGroup;
			children = (
				023987CF2A2D6B8700E04F0D /* Entity */,
				023987CD2A2D6B5D00E04F0D /* CoreDataDatabase.swift */,
				023987C02A2D65A300E04F0D /* LocalDatabase.swift */,
			);
			path = DataPersistence;
			sourceTree = "<group>";
		};
		023987BF2A2D658D00E04F0D /* Networking */ = {
			isa = PBXGroup;
			children = (
				023987C62A2D6AA700E04F0D /* Models */,
				023987C22A2D65C100E04F0D /* TwitterAPI.swift */,
				023987CB2A2D6B0D00E04F0D /* URLSessionTwitterAPI.swift */,
			);
			path = Networking;
			sourceTree = "<group>";
		};
		023987C62A2D6AA700E04F0D /* Models */ = {
			isa = PBXGroup;
			children = (
				023987C72A2D6AAE00E04F0D /* TweetData.swift */,
				023987C92A2D6ACD00E04F0D /* UserData.swift */,
			);
			path = Models;
			sourceTree = "<group>";
		};
		023987CF2A2D6B8700E04F0D /* Entity */ = {
			isa = PBXGroup;
			children = (
				023987D02A2D6BA800E04F0D /* TweetEntity.swift */,
				023987D22A2D6BBD00E04F0D /* UserEntity.swift */,
			);
			path = Entity;
			sourceTree = "<group>";
		};
		023987D52A2D71EE00E04F0D /* Model */ = {
			isa = PBXGroup;
			children = (
				023987D72A2D71FF00E04F0D /* Entity */,
				023987D62A2D71F500E04F0D /* Data */,
			);
			path = Model;
			sourceTree = "<group>";
		};
		023987D62A2D71F500E04F0D /* Data */ = {
			isa = PBXGroup;
			children = (
				023987D82A2D720E00E04F0D /* TweetData+Domain.swift */,
				023987DA2A2D721D00E04F0D /* UserData+Domain.swift */,
			);
			path = Data;
			sourceTree = "<group>";
		};
		023987D72A2D71FF00E04F0D /* Entity */ = {
			isa = PBXGroup;
			children = (
				023987DE2A2D724D00E04F0D /* TweetEntity+Domain.swift */,
				023987DC2A2D723400E04F0D /* UserEntity+Domain.swift */,
			);
			path = Entity;
			sourceTree = "<group>";
		};
/* End PBXGroup section */

/* Begin PBXNativeTarget section */
		0239878C2A2D58E700E04F0D /* SwiftCairo */ = {
			isa = PBXNativeTarget;
			buildConfigurationList = 023987A12A2D58E800E04F0D /* Build configuration list for PBXNativeTarget "SwiftCairo" */;
			buildPhases = (
				023987892A2D58E700E04F0D /* Sources */,
				0239878A2A2D58E700E04F0D /* Frameworks */,
				0239878B2A2D58E700E04F0D /* Resources */,
			);
			buildRules = (
			);
			dependencies = (
			);
			name = SwiftCairo;
			productName = SwiftCairo;
			productReference = 0239878D2A2D58E700E04F0D /* SwiftCairo.app */;
			productType = "com.apple.product-type.application";
		};
/* End PBXNativeTarget section */

/* Begin PBXProject section */
		023987852A2D58E700E04F0D /* Project object */ = {
			isa = PBXProject;
			attributes = {
				BuildIndependentTargetsInParallel = 1;
				LastSwiftUpdateCheck = 1420;
				LastUpgradeCheck = 1420;
				TargetAttributes = {
					0239878C2A2D58E700E04F0D = {
						CreatedOnToolsVersion = 14.2;
					};
				};
			};
			buildConfigurationList = 023987882A2D58E700E04F0D /* Build configuration list for PBXProject "SwiftCairo" */;
			compatibilityVersion = "Xcode 14.0";
			developmentRegion = en;
			hasScannedForEncodings = 0;
			knownRegions = (
				en,
				Base,
			);
			mainGroup = 023987842A2D58E700E04F0D;
			productRefGroup = 0239878E2A2D58E700E04F0D /* Products */;
			projectDirPath = "";
			projectRoot = "";
			targets = (
				0239878C2A2D58E700E04F0D /* SwiftCairo */,
			);
		};
/* End PBXProject section */

/* Begin PBXResourcesBuildPhase section */
		0239878B2A2D58E700E04F0D /* Resources */ = {
			isa = PBXResourcesBuildPhase;
			buildActionMask = 2147483647;
			files = (
				0239879D2A2D58E800E04F0D /* LaunchScreen.storyboard in Resources */,
				0239879A2A2D58E800E04F0D /* Assets.xcassets in Resources */,
			);
			runOnlyForDeploymentPostprocessing = 0;
		};
/* End PBXResourcesBuildPhase section */

/* Begin PBXSourcesBuildPhase section */
		023987892A2D58E700E04F0D /* Sources */ = {
			isa = PBXSourcesBuildPhase;
			buildActionMask = 2147483647;
			files = (
				023987CA2A2D6ACD00E04F0D /* UserData.swift in Sources */,
				023987C52A2D6AA300E04F0D /* TweetRepository.swift in Sources */,
				023987D12A2D6BA800E04F0D /* TweetEntity.swift in Sources */,
				023987DD2A2D723400E04F0D /* UserEntity+Domain.swift in Sources */,
				023987912A2D58E700E04F0D /* AppDelegate.swift in Sources */,
				023987CC2A2D6B0D00E04F0D /* URLSessionTwitterAPI.swift in Sources */,
				023987CE2A2D6B5D00E04F0D /* CoreDataDatabase.swift in Sources */,
				023987D32A2D6BBD00E04F0D /* UserEntity.swift in Sources */,
				023987BB2A2D61FA00E04F0D /* SessionManager.swift in Sources */,
				023987B42A2D5A3400E04F0D /* TweetDataSource.swift in Sources */,
				023987AD2A2D59DA00E04F0D /* HomeTimelineUseCase.swift in Sources */,
				023987A82A2D599100E04F0D /* Tweet.swift in Sources */,
				023987D92A2D720E00E04F0D /* TweetData+Domain.swift in Sources */,
				023987AA2A2D59A900E04F0D /* User.swift in Sources */,
				023987AF2A2D59E900E04F0D /* PostTweetUseCase.swift in Sources */,
				023987DF2A2D724D00E04F0D /* TweetEntity+Domain.swift in Sources */,
				023987C12A2D65A300E04F0D /* LocalDatabase.swift in Sources */,
				023987C82A2D6AAE00E04F0D /* TweetData.swift in Sources */,
				023987C32A2D65C100E04F0D /* TwitterAPI.swift in Sources */,
				023987DB2A2D721D00E04F0D /* UserData+Domain.swift in Sources */,
				023987B92A2D601600E04F0D /* TweetNotifier.swift in Sources */,
			);
			runOnlyForDeploymentPostprocessing = 0;
		};
/* End PBXSourcesBuildPhase section */

/* Begin PBXVariantGroup section */
		0239879B2A2D58E800E04F0D /* LaunchScreen.storyboard */ = {
			isa = PBXVariantGroup;
			children = (
				0239879C2A2D58E800E04F0D /* Base */,
			);
			name = LaunchScreen.storyboard;
			sourceTree = "<group>";
		};
/* End PBXVariantGroup section */

/* Begin XCBuildConfiguration section */
		0239879F2A2D58E800E04F0D /* Debug */ = {
			isa = XCBuildConfiguration;
			buildSettings = {
				ALWAYS_SEARCH_USER_PATHS = NO;
				CLANG_ANALYZER_NONNULL = YES;
				CLANG_ANALYZER_NUMBER_OBJECT_CONVERSION = YES_AGGRESSIVE;
				CLANG_CXX_LANGUAGE_STANDARD = "gnu++20";
				CLANG_ENABLE_MODULES = YES;
				CLANG_ENABLE_OBJC_ARC = YES;
				CLANG_ENABLE_OBJC_WEAK = YES;
				CLANG_WARN_BLOCK_CAPTURE_AUTORELEASING = YES;
				CLANG_WARN_BOOL_CONVERSION = YES;
				CLANG_WARN_COMMA = YES;
				CLANG_WARN_CONSTANT_CONVERSION = YES;
				CLANG_WARN_DEPRECATED_OBJC_IMPLEMENTATIONS = YES;
				CLANG_WARN_DIRECT_OBJC_ISA_USAGE = YES_ERROR;
				CLANG_WARN_DOCUMENTATION_COMMENTS = YES;
				CLANG_WARN_EMPTY_BODY = YES;
				CLANG_WARN_ENUM_CONVERSION = YES;
				CLANG_WARN_INFINITE_RECURSION = YES;
				CLANG_WARN_INT_CONVERSION = YES;
				CLANG_WARN_NON_LITERAL_NULL_CONVERSION = YES;
				CLANG_WARN_OBJC_IMPLICIT_RETAIN_SELF = YES;
				CLANG_WARN_OBJC_LITERAL_CONVERSION = YES;
				CLANG_WARN_OBJC_ROOT_CLASS = YES_ERROR;
				CLANG_WARN_QUOTED_INCLUDE_IN_FRAMEWORK_HEADER = YES;
				CLANG_WARN_RANGE_LOOP_ANALYSIS = YES;
				CLANG_WARN_STRICT_PROTOTYPES = YES;
				CLANG_WARN_SUSPICIOUS_MOVE = YES;
				CLANG_WARN_UNGUARDED_AVAILABILITY = YES_AGGRESSIVE;
				CLANG_WARN_UNREACHABLE_CODE = YES;
				CLANG_WARN__DUPLICATE_METHOD_MATCH = YES;
				COPY_PHASE_STRIP = NO;
				DEBUG_INFORMATION_FORMAT = dwarf;
				ENABLE_STRICT_OBJC_MSGSEND = YES;
				ENABLE_TESTABILITY = YES;
				GCC_C_LANGUAGE_STANDARD = gnu11;
				GCC_DYNAMIC_NO_PIC = NO;
				GCC_NO_COMMON_BLOCKS = YES;
				GCC_OPTIMIZATION_LEVEL = 0;
				GCC_PREPROCESSOR_DEFINITIONS = (
					"DEBUG=1",
					"$(inherited)",
				);
				GCC_WARN_64_TO_32_BIT_CONVERSION = YES;
				GCC_WARN_ABOUT_RETURN_TYPE = YES_ERROR;
				GCC_WARN_UNDECLARED_SELECTOR = YES;
				GCC_WARN_UNINITIALIZED_AUTOS = YES_AGGRESSIVE;
				GCC_WARN_UNUSED_FUNCTION = YES;
				GCC_WARN_UNUSED_VARIABLE = YES;
				IPHONEOS_DEPLOYMENT_TARGET = 16.2;
				MTL_ENABLE_DEBUG_INFO = INCLUDE_SOURCE;
				MTL_FAST_MATH = YES;
				ONLY_ACTIVE_ARCH = YES;
				SDKROOT = iphoneos;
				SWIFT_ACTIVE_COMPILATION_CONDITIONS = DEBUG;
				SWIFT_OPTIMIZATION_LEVEL = "-Onone";
			};
			name = Debug;
		};
		023987A02A2D58E800E04F0D /* Release */ = {
			isa = XCBuildConfiguration;
			buildSettings = {
				ALWAYS_SEARCH_USER_PATHS = NO;
				CLANG_ANALYZER_NONNULL = YES;
				CLANG_ANALYZER_NUMBER_OBJECT_CONVERSION = YES_AGGRESSIVE;
				CLANG_CXX_LANGUAGE_STANDARD = "gnu++20";
				CLANG_ENABLE_MODULES = YES;
				CLANG_ENABLE_OBJC_ARC = YES;
				CLANG_ENABLE_OBJC_WEAK = YES;
				CLANG_WARN_BLOCK_CAPTURE_AUTORELEASING = YES;
				CLANG_WARN_BOOL_CONVERSION = YES;
				CLANG_WARN_COMMA = YES;
				CLANG_WARN_CONSTANT_CONVERSION = YES;
				CLANG_WARN_DEPRECATED_OBJC_IMPLEMENTATIONS = YES;
				CLANG_WARN_DIRECT_OBJC_ISA_USAGE = YES_ERROR;
				CLANG_WARN_DOCUMENTATION_COMMENTS = YES;
				CLANG_WARN_EMPTY_BODY = YES;
				CLANG_WARN_ENUM_CONVERSION = YES;
				CLANG_WARN_INFINITE_RECURSION = YES;
				CLANG_WARN_INT_CONVERSION = YES;
				CLANG_WARN_NON_LITERAL_NULL_CONVERSION = YES;
				CLANG_WARN_OBJC_IMPLICIT_RETAIN_SELF = YES;
				CLANG_WARN_OBJC_LITERAL_CONVERSION = YES;
				CLANG_WARN_OBJC_ROOT_CLASS = YES_ERROR;
				CLANG_WARN_QUOTED_INCLUDE_IN_FRAMEWORK_HEADER = YES;
				CLANG_WARN_RANGE_LOOP_ANALYSIS = YES;
				CLANG_WARN_STRICT_PROTOTYPES = YES;
				CLANG_WARN_SUSPICIOUS_MOVE = YES;
				CLANG_WARN_UNGUARDED_AVAILABILITY = YES_AGGRESSIVE;
				CLANG_WARN_UNREACHABLE_CODE = YES;
				CLANG_WARN__DUPLICATE_METHOD_MATCH = YES;
				COPY_PHASE_STRIP = NO;
				DEBUG_INFORMATION_FORMAT = "dwarf-with-dsym";
				ENABLE_NS_ASSERTIONS = NO;
				ENABLE_STRICT_OBJC_MSGSEND = YES;
				GCC_C_LANGUAGE_STANDARD = gnu11;
				GCC_NO_COMMON_BLOCKS = YES;
				GCC_WARN_64_TO_32_BIT_CONVERSION = YES;
				GCC_WARN_ABOUT_RETURN_TYPE = YES_ERROR;
				GCC_WARN_UNDECLARED_SELECTOR = YES;
				GCC_WARN_UNINITIALIZED_AUTOS = YES_AGGRESSIVE;
				GCC_WARN_UNUSED_FUNCTION = YES;
				GCC_WARN_UNUSED_VARIABLE = YES;
				IPHONEOS_DEPLOYMENT_TARGET = 16.2;
				MTL_ENABLE_DEBUG_INFO = NO;
				MTL_FAST_MATH = YES;
				SDKROOT = iphoneos;
				SWIFT_COMPILATION_MODE = wholemodule;
				SWIFT_OPTIMIZATION_LEVEL = "-O";
				VALIDATE_PRODUCT = YES;
			};
			name = Release;
		};
		023987A22A2D58E800E04F0D /* Debug */ = {
			isa = XCBuildConfiguration;
			buildSettings = {
				ASSETCATALOG_COMPILER_APPICON_NAME = AppIcon;
				ASSETCATALOG_COMPILER_GLOBAL_ACCENT_COLOR_NAME = AccentColor;
				CODE_SIGN_STYLE = Automatic;
				CURRENT_PROJECT_VERSION = 1;
				DEVELOPMENT_TEAM = JUUZV79G5F;
				GENERATE_INFOPLIST_FILE = YES;
				INFOPLIST_FILE = SwiftCairo/Resources/Info.plist;
				INFOPLIST_KEY_UIApplicationSupportsIndirectInputEvents = YES;
				INFOPLIST_KEY_UILaunchStoryboardName = LaunchScreen;
				INFOPLIST_KEY_UIMainStoryboardFile = Main;
				INFOPLIST_KEY_UISupportedInterfaceOrientations_iPad = "UIInterfaceOrientationPortrait UIInterfaceOrientationPortraitUpsideDown UIInterfaceOrientationLandscapeLeft UIInterfaceOrientationLandscapeRight";
				INFOPLIST_KEY_UISupportedInterfaceOrientations_iPhone = "UIInterfaceOrientationPortrait UIInterfaceOrientationLandscapeLeft UIInterfaceOrientationLandscapeRight";
				LD_RUNPATH_SEARCH_PATHS = (
					"$(inherited)",
					"@executable_path/Frameworks",
				);
				MARKETING_VERSION = 1.0;
				PRODUCT_BUNDLE_IDENTIFIER = com.SwiftCairo;
				PRODUCT_NAME = "$(TARGET_NAME)";
				SWIFT_EMIT_LOC_STRINGS = YES;
				SWIFT_VERSION = 5.0;
				TARGETED_DEVICE_FAMILY = "1,2";
			};
			name = Debug;
		};
		023987A32A2D58E800E04F0D /* Release */ = {
			isa = XCBuildConfiguration;
			buildSettings = {
				ASSETCATALOG_COMPILER_APPICON_NAME = AppIcon;
				ASSETCATALOG_COMPILER_GLOBAL_ACCENT_COLOR_NAME = AccentColor;
				CODE_SIGN_STYLE = Automatic;
				CURRENT_PROJECT_VERSION = 1;
				DEVELOPMENT_TEAM = JUUZV79G5F;
				GENERATE_INFOPLIST_FILE = YES;
				INFOPLIST_FILE = SwiftCairo/Resources/Info.plist;
				INFOPLIST_KEY_UIApplicationSupportsIndirectInputEvents = YES;
				INFOPLIST_KEY_UILaunchStoryboardName = LaunchScreen;
				INFOPLIST_KEY_UIMainStoryboardFile = Main;
				INFOPLIST_KEY_UISupportedInterfaceOrientations_iPad = "UIInterfaceOrientationPortrait UIInterfaceOrientationPortraitUpsideDown UIInterfaceOrientationLandscapeLeft UIInterfaceOrientationLandscapeRight";
				INFOPLIST_KEY_UISupportedInterfaceOrientations_iPhone = "UIInterfaceOrientationPortrait UIInterfaceOrientationLandscapeLeft UIInterfaceOrientationLandscapeRight";
				LD_RUNPATH_SEARCH_PATHS = (
					"$(inherited)",
					"@executable_path/Frameworks",
				);
				MARKETING_VERSION = 1.0;
				PRODUCT_BUNDLE_IDENTIFIER = com.SwiftCairo;
				PRODUCT_NAME = "$(TARGET_NAME)";
				SWIFT_EMIT_LOC_STRINGS = YES;
				SWIFT_VERSION = 5.0;
				TARGETED_DEVICE_FAMILY = "1,2";
			};
			name = Release;
		};
/* End XCBuildConfiguration section */

/* Begin XCConfigurationList section */
		023987882A2D58E700E04F0D /* Build configuration list for PBXProject "SwiftCairo" */ = {
			isa = XCConfigurationList;
			buildConfigurations = (
				0239879F2A2D58E800E04F0D /* Debug */,
				023987A02A2D58E800E04F0D /* Release */,
			);
			defaultConfigurationIsVisible = 0;
			defaultConfigurationName = Release;
		};
		023987A12A2D58E800E04F0D /* Build configuration list for PBXNativeTarget "SwiftCairo" */ = {
			isa = XCConfigurationList;
			buildConfigurations = (
				023987A22A2D58E800E04F0D /* Debug */,
				023987A32A2D58E800E04F0D /* Release */,
			);
			defaultConfigurationIsVisible = 0;
			defaultConfigurationName = Release;
		};
/* End XCConfigurationList section */
	};
	rootObject = 023987852A2D58E700E04F0D /* Project object */;
}
